
Microsoft Visual Studio Solution File, Format Version 12.00
# Visual Studio Version 17
VisualStudioVersion = 17.3.32922.545
MinimumVisualStudioVersion = 10.0.40219.1
Project("{FAE04EC0-301F-11D3-BF4B-00C04F79EFBC}") = "Atividade 2", "Atividade 2.csproj", "{6358B5A4-2379-45FF-9265-D14B85CCDE65}"
EndProject
Global
	GlobalSection(SolutionConfigurationPlatforms) = preSolution
		Debug|Any CPU = Debug|Any CPU
		Release|Any CPU = Release|Any CPU
	EndGlobalSection
	GlobalSection(ProjectConfigurationPlatforms) = postSolution
		{6358B5A4-2379-45FF-9265-D14B85CCDE65}.Debug|Any CPU.ActiveCfg = Debug|Any CPU
		{6358B5A4-2379-45FF-9265-D14B85CCDE65}.Debug|Any CPU.Build.0 = Debug|Any CPU
		{6358B5A4-2379-45FF-9265-D14B85CCDE65}.Release|Any CPU.ActiveCfg = Release|Any CPU
		{6358B5A4-2379-45FF-9265-D14B85CCDE65}.Release|Any CPU.Build.0 = Release|Any CPU
	EndGlobalSection
	GlobalSection(SolutionProperties) = preSolution
		HideSolutionNode = FALSE
	EndGlobalSection
	GlobalSection(ExtensibilityGlobals) = postSolution
		SolutionGuid = {F98366D3-2A2B-4662-9CC8-7FC7B33E43A6}
	EndGlobalSection
EndGlobal
